// !$*UTF8*$!
{
	archiveVersion = 1;
	classes = {
	};
	objectVersion = 48;
	objects = {

/* Begin PBXBuildFile section */
		0C175DC6203E5D8D00D2A023 /* FindDetailViewController.swift in Sources */ = {isa = PBXBuildFile; fileRef = 0C175DC5203E5D8D00D2A023 /* FindDetailViewController.swift */; };
		0C175DC9203E6A1200D2A023 /* Preferentials.swift in Sources */ = {isa = PBXBuildFile; fileRef = 0C175DC8203E6A1200D2A023 /* Preferentials.swift */; };
		0C266E2420678E6F004EDB00 /* AllShopTableViewController.swift in Sources */ = {isa = PBXBuildFile; fileRef = 0C266E2320678E6F004EDB00 /* AllShopTableViewController.swift */; };
		0C29FC041FFE1281008E79B8 /* AppDelegate.swift in Sources */ = {isa = PBXBuildFile; fileRef = 0C29FC031FFE1281008E79B8 /* AppDelegate.swift */; };
		0C29FC091FFE1281008E79B8 /* Main.storyboard in Resources */ = {isa = PBXBuildFile; fileRef = 0C29FC071FFE1281008E79B8 /* Main.storyboard */; };
		0C29FC0C1FFE1281008E79B8 /* OrderHelper.xcdatamodeld in Sources */ = {isa = PBXBuildFile; fileRef = 0C29FC0A1FFE1281008E79B8 /* OrderHelper.xcdatamodeld */; };
		0C29FC111FFE1281008E79B8 /* LaunchScreen.storyboard in Resources */ = {isa = PBXBuildFile; fileRef = 0C29FC0F1FFE1281008E79B8 /* LaunchScreen.storyboard */; };
		0C29FC1C1FFE1282008E79B8 /* OrderHelperTests.swift in Sources */ = {isa = PBXBuildFile; fileRef = 0C29FC1B1FFE1282008E79B8 /* OrderHelperTests.swift */; };
		0C29FC271FFE1282008E79B8 /* OrderHelperUITests.swift in Sources */ = {isa = PBXBuildFile; fileRef = 0C29FC261FFE1282008E79B8 /* OrderHelperUITests.swift */; };
		0C3CC243205A092100BB1984 /* FoodInfo.swift in Sources */ = {isa = PBXBuildFile; fileRef = 0C3CC242205A092100BB1984 /* FoodInfo.swift */; };
		0C3CC245205A0AA300BB1984 /* Food.swift in Sources */ = {isa = PBXBuildFile; fileRef = 0C3CC244205A0AA300BB1984 /* Food.swift */; };
		0C5AE402205C048000B356FF /* FoodTableViewCell.swift in Sources */ = {isa = PBXBuildFile; fileRef = 0C5AE401205C048000B356FF /* FoodTableViewCell.swift */; };
		0C6322FB200B824800915869 /* LoginHelper.swift in Sources */ = {isa = PBXBuildFile; fileRef = 0C6322FA200B824800915869 /* LoginHelper.swift */; };
		0C6322FD200B828000915869 /* LoginProfile.swift in Sources */ = {isa = PBXBuildFile; fileRef = 0C6322FC200B828000915869 /* LoginProfile.swift */; };
		0C632301200B844500915869 /* AccountTableViewController.swift in Sources */ = {isa = PBXBuildFile; fileRef = 0C632300200B844500915869 /* AccountTableViewController.swift */; };
		0C6C1390203ACD2800071E3E /* DetailViewController.swift in Sources */ = {isa = PBXBuildFile; fileRef = 0C6C138F203ACD2800071E3E /* DetailViewController.swift */; };
		0C6C6EA8202578CC00D36F9E /* SearchResultsViewController.swift in Sources */ = {isa = PBXBuildFile; fileRef = 0C6C6EA7202578CC00D36F9E /* SearchResultsViewController.swift */; };
		0C764CF92021688900546B20 /* SearchItems.swift in Sources */ = {isa = PBXBuildFile; fileRef = 0C764CF82021688900546B20 /* SearchItems.swift */; };
		0C764CFB2021AD2800546B20 /* SearchTableViewController.swift in Sources */ = {isa = PBXBuildFile; fileRef = 0C764CFA2021AD2800546B20 /* SearchTableViewController.swift */; };
		0C81EE17201756B400062F15 /* OrderTableViewController.swift in Sources */ = {isa = PBXBuildFile; fileRef = 0C81EE16201756B400062F15 /* OrderTableViewController.swift */; };
		0C846934201725DC008DDF23 /* FindTableViewController.swift in Sources */ = {isa = PBXBuildFile; fileRef = 0C846933201725DC008DDF23 /* FindTableViewController.swift */; };
		0C85F5D62012284400E679FE /* SettingTableViewController.swift in Sources */ = {isa = PBXBuildFile; fileRef = 0C85F5D52012284400E679FE /* SettingTableViewController.swift */; };
		0C85F5E12012327300E679FE /* UIImageView+Extensions.swift in Sources */ = {isa = PBXBuildFile; fileRef = 0C85F5E02012327300E679FE /* UIImageView+Extensions.swift */; };
		0C93190D201B03390038F17B /* AddressTableViewController.swift in Sources */ = {isa = PBXBuildFile; fileRef = 0C93190C201B03390038F17B /* AddressTableViewController.swift */; };
		0C931911201B03E30038F17B /* AddNewAddressTableViewController.swift in Sources */ = {isa = PBXBuildFile; fileRef = 0C931910201B03E30038F17B /* AddNewAddressTableViewController.swift */; };
		0C931917201B04730038F17B /* LikeTableViewController.swift in Sources */ = {isa = PBXBuildFile; fileRef = 0C931916201B04730038F17B /* LikeTableViewController.swift */; };
		0C931919201B04880038F17B /* HistoryTableViewController.swift in Sources */ = {isa = PBXBuildFile; fileRef = 0C931918201B04880038F17B /* HistoryTableViewController.swift */; };
		0C94B46F1FFF9348003F2357 /* Assets.xcassets in Resources */ = {isa = PBXBuildFile; fileRef = 0C94B46E1FFF9348003F2357 /* Assets.xcassets */; };
		0CAB884A207C9C5F00EB9199 /* LuckyTableViewController.swift in Sources */ = {isa = PBXBuildFile; fileRef = 0CAB8849207C9C5F00EB9199 /* LuckyTableViewController.swift */; };
		0CB20887205F88A0006296ED /* AddressInfo.swift in Sources */ = {isa = PBXBuildFile; fileRef = 0CB20886205F88A0006296ED /* AddressInfo.swift */; };
		0CB20889205F8D54006296ED /* Address.swift in Sources */ = {isa = PBXBuildFile; fileRef = 0CB20888205F8D54006296ED /* Address.swift */; };
		0CC5055F2063350600B30F80 /* OrderInfo.swift in Sources */ = {isa = PBXBuildFile; fileRef = 0CC5055E2063350600B30F80 /* OrderInfo.swift */; };
		0CC505612063351F00B30F80 /* Order.swift in Sources */ = {isa = PBXBuildFile; fileRef = 0CC505602063351F00B30F80 /* Order.swift */; };
		0CCC6DD6201066390044BC1A /* LoginViewController.swift in Sources */ = {isa = PBXBuildFile; fileRef = 0CCC6DD5201066390044BC1A /* LoginViewController.swift */; };
		0CCF6D2A206698580025B6CA /* RedPackTableViewController.swift in Sources */ = {isa = PBXBuildFile; fileRef = 0CCF6D29206698580025B6CA /* RedPackTableViewController.swift */; };
		0CCF6D2C20669A510025B6CA /* PurseTableViewController.swift in Sources */ = {isa = PBXBuildFile; fileRef = 0CCF6D2B20669A510025B6CA /* PurseTableViewController.swift */; };
		0CD190DB207B6E5600FE3F85 /* CardTableViewController.swift in Sources */ = {isa = PBXBuildFile; fileRef = 0CD190DA207B6E5600FE3F85 /* CardTableViewController.swift */; };
		0CEE7BB5205D44D900315057 /* CheckOrderTableViewController.swift in Sources */ = {isa = PBXBuildFile; fileRef = 0CEE7BB4205D44D900315057 /* CheckOrderTableViewController.swift */; };
		0CEFCE972014C75E00F04BB1 /* UserNameTableViewController.swift in Sources */ = {isa = PBXBuildFile; fileRef = 0CEFCE962014C75E00F04BB1 /* UserNameTableViewController.swift */; };
		C25893C3B768D5B8CE40B7CF /* Pods_OrderHelper.framework in Frameworks */ = {isa = PBXBuildFile; fileRef = FE8A5C9507A41618FF89AFE4 /* Pods_OrderHelper.framework */; };
/* End PBXBuildFile section */

/* Begin PBXContainerItemProxy section */
		0C29FC181FFE1282008E79B8 /* PBXContainerItemProxy */ = {
			isa = PBXContainerItemProxy;
			containerPortal = 0C29FBF81FFE1281008E79B8 /* Project object */;
			proxyType = 1;
			remoteGlobalIDString = 0C29FBFF1FFE1281008E79B8;
			remoteInfo = OrderHelper;
		};
		0C29FC231FFE1282008E79B8 /* PBXContainerItemProxy */ = {
			isa = PBXContainerItemProxy;
			containerPortal = 0C29FBF81FFE1281008E79B8 /* Project object */;
			proxyType = 1;
			remoteGlobalIDString = 0C29FBFF1FFE1281008E79B8;
			remoteInfo = OrderHelper;
		};
/* End PBXContainerItemProxy section */

/* Begin PBXFileReference section */
		0C175DC5203E5D8D00D2A023 /* FindDetailViewController.swift */ = {isa = PBXFileReference; lastKnownFileType = sourcecode.swift; path = FindDetailViewController.swift; sourceTree = "<group>"; };
		0C175DC8203E6A1200D2A023 /* Preferentials.swift */ = {isa = PBXFileReference; lastKnownFileType = sourcecode.swift; path = Preferentials.swift; sourceTree = "<group>"; };
		0C266E2320678E6F004EDB00 /* AllShopTableViewController.swift */ = {isa = PBXFileReference; lastKnownFileType = sourcecode.swift; path = AllShopTableViewController.swift; sourceTree = "<group>"; };
		0C29FC001FFE1281008E79B8 /* OrderHelper.app */ = {isa = PBXFileReference; explicitFileType = wrapper.application; includeInIndex = 0; path = OrderHelper.app; sourceTree = BUILT_PRODUCTS_DIR; };
		0C29FC031FFE1281008E79B8 /* AppDelegate.swift */ = {isa = PBXFileReference; lastKnownFileType = sourcecode.swift; path = AppDelegate.swift; sourceTree = "<group>"; };
		0C29FC081FFE1281008E79B8 /* Base */ = {isa = PBXFileReference; lastKnownFileType = file.storyboard; name = Base; path = Base.lproj/Main.storyboard; sourceTree = "<group>"; };
		0C29FC0B1FFE1281008E79B8 /* OrderHelper.xcdatamodel */ = {isa = PBXFileReference; lastKnownFileType = wrapper.xcdatamodel; path = OrderHelper.xcdatamodel; sourceTree = "<group>"; };
		0C29FC101FFE1281008E79B8 /* Base */ = {isa = PBXFileReference; lastKnownFileType = file.storyboard; name = Base; path = Base.lproj/LaunchScreen.storyboard; sourceTree = "<group>"; };
		0C29FC121FFE1281008E79B8 /* Info.plist */ = {isa = PBXFileReference; lastKnownFileType = text.plist.xml; path = Info.plist; sourceTree = "<group>"; };
		0C29FC171FFE1282008E79B8 /* OrderHelperTests.xctest */ = {isa = PBXFileReference; explicitFileType = wrapper.cfbundle; includeInIndex = 0; path = OrderHelperTests.xctest; sourceTree = BUILT_PRODUCTS_DIR; };
		0C29FC1B1FFE1282008E79B8 /* OrderHelperTests.swift */ = {isa = PBXFileReference; lastKnownFileType = sourcecode.swift; path = OrderHelperTests.swift; sourceTree = "<group>"; };
		0C29FC1D1FFE1282008E79B8 /* Info.plist */ = {isa = PBXFileReference; lastKnownFileType = text.plist.xml; path = Info.plist; sourceTree = "<group>"; };
		0C29FC221FFE1282008E79B8 /* OrderHelperUITests.xctest */ = {isa = PBXFileReference; explicitFileType = wrapper.cfbundle; includeInIndex = 0; path = OrderHelperUITests.xctest; sourceTree = BUILT_PRODUCTS_DIR; };
		0C29FC261FFE1282008E79B8 /* OrderHelperUITests.swift */ = {isa = PBXFileReference; lastKnownFileType = sourcecode.swift; path = OrderHelperUITests.swift; sourceTree = "<group>"; };
		0C29FC281FFE1282008E79B8 /* Info.plist */ = {isa = PBXFileReference; lastKnownFileType = text.plist.xml; path = Info.plist; sourceTree = "<group>"; };
		0C3CC242205A092100BB1984 /* FoodInfo.swift */ = {isa = PBXFileReference; lastKnownFileType = sourcecode.swift; path = FoodInfo.swift; sourceTree = "<group>"; };
		0C3CC244205A0AA300BB1984 /* Food.swift */ = {isa = PBXFileReference; lastKnownFileType = sourcecode.swift; path = Food.swift; sourceTree = "<group>"; };
		0C5AE401205C048000B356FF /* FoodTableViewCell.swift */ = {isa = PBXFileReference; lastKnownFileType = sourcecode.swift; name = FoodTableViewCell.swift; path = OrderHelper/HomePage/View/FoodTableViewCell.swift; sourceTree = SOURCE_ROOT; };
		0C6322FA200B824800915869 /* LoginHelper.swift */ = {isa = PBXFileReference; lastKnownFileType = sourcecode.swift; name = LoginHelper.swift; path = OrderHelper/Account/Login/Model/LoginHelper.swift; sourceTree = SOURCE_ROOT; };
		0C6322FC200B828000915869 /* LoginProfile.swift */ = {isa = PBXFileReference; lastKnownFileType = sourcecode.swift; name = LoginProfile.swift; path = OrderHelper/Account/Login/Model/LoginProfile.swift; sourceTree = SOURCE_ROOT; };
		0C632300200B844500915869 /* AccountTableViewController.swift */ = {isa = PBXFileReference; fileEncoding = 4; lastKnownFileType = sourcecode.swift; path = AccountTableViewController.swift; sourceTree = "<group>"; };
		0C6C138F203ACD2800071E3E /* DetailViewController.swift */ = {isa = PBXFileReference; lastKnownFileType = sourcecode.swift; path = DetailViewController.swift; sourceTree = "<group>"; };
		0C6C6EA7202578CC00D36F9E /* SearchResultsViewController.swift */ = {isa = PBXFileReference; lastKnownFileType = sourcecode.swift; path = SearchResultsViewController.swift; sourceTree = "<group>"; };
		0C764CF82021688900546B20 /* SearchItems.swift */ = {isa = PBXFileReference; lastKnownFileType = sourcecode.swift; path = SearchItems.swift; sourceTree = "<group>"; };
		0C764CFA2021AD2800546B20 /* SearchTableViewController.swift */ = {isa = PBXFileReference; lastKnownFileType = sourcecode.swift; path = SearchTableViewController.swift; sourceTree = "<group>"; };
		0C81EE16201756B400062F15 /* OrderTableViewController.swift */ = {isa = PBXFileReference; lastKnownFileType = sourcecode.swift; path = OrderTableViewController.swift; sourceTree = "<group>"; };
		0C846933201725DC008DDF23 /* FindTableViewController.swift */ = {isa = PBXFileReference; lastKnownFileType = sourcecode.swift; path = FindTableViewController.swift; sourceTree = "<group>"; };
		0C85F5D52012284400E679FE /* SettingTableViewController.swift */ = {isa = PBXFileReference; lastKnownFileType = sourcecode.swift; path = SettingTableViewController.swift; sourceTree = "<group>"; };
		0C85F5E02012327300E679FE /* UIImageView+Extensions.swift */ = {isa = PBXFileReference; lastKnownFileType = sourcecode.swift; path = "UIImageView+Extensions.swift"; sourceTree = "<group>"; };
		0C93190C201B03390038F17B /* AddressTableViewController.swift */ = {isa = PBXFileReference; lastKnownFileType = sourcecode.swift; path = AddressTableViewController.swift; sourceTree = "<group>"; };
		0C931910201B03E30038F17B /* AddNewAddressTableViewController.swift */ = {isa = PBXFileReference; lastKnownFileType = sourcecode.swift; path = AddNewAddressTableViewController.swift; sourceTree = "<group>"; };
		0C931916201B04730038F17B /* LikeTableViewController.swift */ = {isa = PBXFileReference; lastKnownFileType = sourcecode.swift; path = LikeTableViewController.swift; sourceTree = "<group>"; };
		0C931918201B04880038F17B /* HistoryTableViewController.swift */ = {isa = PBXFileReference; lastKnownFileType = sourcecode.swift; path = HistoryTableViewController.swift; sourceTree = "<group>"; };
		0C94B46E1FFF9348003F2357 /* Assets.xcassets */ = {isa = PBXFileReference; lastKnownFileType = folder.assetcatalog; path = Assets.xcassets; sourceTree = "<group>"; };
		0CAB8849207C9C5F00EB9199 /* LuckyTableViewController.swift */ = {isa = PBXFileReference; lastKnownFileType = sourcecode.swift; path = LuckyTableViewController.swift; sourceTree = "<group>"; };
		0CB20886205F88A0006296ED /* AddressInfo.swift */ = {isa = PBXFileReference; lastKnownFileType = sourcecode.swift; path = AddressInfo.swift; sourceTree = "<group>"; };
		0CB20888205F8D54006296ED /* Address.swift */ = {isa = PBXFileReference; lastKnownFileType = sourcecode.swift; path = Address.swift; sourceTree = "<group>"; };
		0CC5055E2063350600B30F80 /* OrderInfo.swift */ = {isa = PBXFileReference; lastKnownFileType = sourcecode.swift; path = OrderInfo.swift; sourceTree = "<group>"; };
		0CC505602063351F00B30F80 /* Order.swift */ = {isa = PBXFileReference; lastKnownFileType = sourcecode.swift; path = Order.swift; sourceTree = "<group>"; };
		0CCC6DD5201066390044BC1A /* LoginViewController.swift */ = {isa = PBXFileReference; fileEncoding = 4; lastKnownFileType = sourcecode.swift; path = LoginViewController.swift; sourceTree = "<group>"; };
		0CCF6D29206698580025B6CA /* RedPackTableViewController.swift */ = {isa = PBXFileReference; lastKnownFileType = sourcecode.swift; path = RedPackTableViewController.swift; sourceTree = "<group>"; };
		0CCF6D2B20669A510025B6CA /* PurseTableViewController.swift */ = {isa = PBXFileReference; lastKnownFileType = sourcecode.swift; path = PurseTableViewController.swift; sourceTree = "<group>"; };
		0CD190DA207B6E5600FE3F85 /* CardTableViewController.swift */ = {isa = PBXFileReference; lastKnownFileType = sourcecode.swift; path = CardTableViewController.swift; sourceTree = "<group>"; };
		0CEE7BB4205D44D900315057 /* CheckOrderTableViewController.swift */ = {isa = PBXFileReference; lastKnownFileType = sourcecode.swift; path = CheckOrderTableViewController.swift; sourceTree = "<group>"; };
		0CEFCE962014C75E00F04BB1 /* UserNameTableViewController.swift */ = {isa = PBXFileReference; lastKnownFileType = sourcecode.swift; path = UserNameTableViewController.swift; sourceTree = "<group>"; };
		23F167674FAA7FF96CE868F9 /* Pods-OrderHelper.release.xcconfig */ = {isa = PBXFileReference; includeInIndex = 1; lastKnownFileType = text.xcconfig; name = "Pods-OrderHelper.release.xcconfig"; path = "Pods/Target Support Files/Pods-OrderHelper/Pods-OrderHelper.release.xcconfig"; sourceTree = "<group>"; };
		775B1253FA70F69B88D06F8E /* Pods-OrderHelper.debug.xcconfig */ = {isa = PBXFileReference; includeInIndex = 1; lastKnownFileType = text.xcconfig; name = "Pods-OrderHelper.debug.xcconfig"; path = "Pods/Target Support Files/Pods-OrderHelper/Pods-OrderHelper.debug.xcconfig"; sourceTree = "<group>"; };
		FE8A5C9507A41618FF89AFE4 /* Pods_OrderHelper.framework */ = {isa = PBXFileReference; explicitFileType = wrapper.framework; includeInIndex = 0; path = Pods_OrderHelper.framework; sourceTree = BUILT_PRODUCTS_DIR; };
/* End PBXFileReference section */

/* Begin PBXFrameworksBuildPhase section */
		0C29FBFD1FFE1281008E79B8 /* Frameworks */ = {
			isa = PBXFrameworksBuildPhase;
			buildActionMask = 2147483647;
			files = (
				C25893C3B768D5B8CE40B7CF /* Pods_OrderHelper.framework in Frameworks */,
			);
			runOnlyForDeploymentPostprocessing = 0;
		};
		0C29FC141FFE1282008E79B8 /* Frameworks */ = {
			isa = PBXFrameworksBuildPhase;
			buildActionMask = 2147483647;
			files = (
			);
			runOnlyForDeploymentPostprocessing = 0;
		};
		0C29FC1F1FFE1282008E79B8 /* Frameworks */ = {
			isa = PBXFrameworksBuildPhase;
			buildActionMask = 2147483647;
			files = (
			);
			runOnlyForDeploymentPostprocessing = 0;
		};
/* End PBXFrameworksBuildPhase section */

/* Begin PBXGroup section */
		0C175DC7203E69E200D2A023 /* Controller */ = {
			isa = PBXGroup;
			children = (
				0C846933201725DC008DDF23 /* FindTableViewController.swift */,
				0C175DC5203E5D8D00D2A023 /* FindDetailViewController.swift */,
			);
			path = Controller;
			sourceTree = "<group>";
		};
		0C175DCA203E6A1700D2A023 /* Model */ = {
			isa = PBXGroup;
			children = (
				0C175DC8203E6A1200D2A023 /* Preferentials.swift */,
			);
			path = Model;
			sourceTree = "<group>";
		};
		0C29FBF71FFE1281008E79B8 = {
			isa = PBXGroup;
			children = (
				0C29FC021FFE1281008E79B8 /* OrderHelper */,
				0C29FC1A1FFE1282008E79B8 /* OrderHelperTests */,
				0C29FC251FFE1282008E79B8 /* OrderHelperUITests */,
				0C29FC011FFE1281008E79B8 /* Products */,
				EC1242DAD04B19225D2350FF /* Pods */,
				28B1E3E5270B890CE2785173 /* Frameworks */,
			);
			sourceTree = "<group>";
		};
		0C29FC011FFE1281008E79B8 /* Products */ = {
			isa = PBXGroup;
			children = (
				0C29FC001FFE1281008E79B8 /* OrderHelper.app */,
				0C29FC171FFE1282008E79B8 /* OrderHelperTests.xctest */,
				0C29FC221FFE1282008E79B8 /* OrderHelperUITests.xctest */,
			);
			name = Products;
			sourceTree = "<group>";
		};
		0C29FC021FFE1281008E79B8 /* OrderHelper */ = {
			isa = PBXGroup;
			children = (
				0C85F5DF2012323200E679FE /* Extensions */,
				0C85F5DE20122E1900E679FE /* HomePage */,
				0C85F5DD20122E0C00E679FE /* Find */,
				0C85F5DC20122DF200E679FE /* OrderList */,
				0C85F5D920122BF700E679FE /* Account */,
				0CA1980120070277008DB156 /* Views */,
				0CA198002007023F008DB156 /* Supporting Files */,
			);
			path = OrderHelper;
			sourceTree = "<group>";
		};
		0C29FC1A1FFE1282008E79B8 /* OrderHelperTests */ = {
			isa = PBXGroup;
			children = (
				0C29FC1B1FFE1282008E79B8 /* OrderHelperTests.swift */,
				0C29FC1D1FFE1282008E79B8 /* Info.plist */,
			);
			path = OrderHelperTests;
			sourceTree = "<group>";
		};
		0C29FC251FFE1282008E79B8 /* OrderHelperUITests */ = {
			isa = PBXGroup;
			children = (
				0C29FC261FFE1282008E79B8 /* OrderHelperUITests.swift */,
				0C29FC281FFE1282008E79B8 /* Info.plist */,
			);
			path = OrderHelperUITests;
			sourceTree = "<group>";
		};
		0C2ACCE1205CFA8600995EE7 /* View */ = {
			isa = PBXGroup;
			children = (
				0C5AE401205C048000B356FF /* FoodTableViewCell.swift */,
			);
			path = View;
			sourceTree = "<group>";
		};
		0C2ACCE3205CFB1800995EE7 /* Model */ = {
			isa = PBXGroup;
			children = (
				0C6322FA200B824800915869 /* LoginHelper.swift */,
				0C6322FC200B828000915869 /* LoginProfile.swift */,
			);
			path = Model;
			sourceTree = "<group>";
		};
		0C35BEC820204C0400357A41 /* Controller */ = {
			isa = PBXGroup;
			children = (
				0C764CFA2021AD2800546B20 /* SearchTableViewController.swift */,
				0CAB8849207C9C5F00EB9199 /* LuckyTableViewController.swift */,
				0C6C138F203ACD2800071E3E /* DetailViewController.swift */,
				0C6C6EA7202578CC00D36F9E /* SearchResultsViewController.swift */,
				0CEE7BB4205D44D900315057 /* CheckOrderTableViewController.swift */,
				0C266E2320678E6F004EDB00 /* AllShopTableViewController.swift */,
			);
			path = Controller;
			sourceTree = "<group>";
		};
		0C85F5D720122BA300E679FE /* Setting */ = {
			isa = PBXGroup;
			children = (
				0C85F5D820122BC400E679FE /* Controller */,
			);
			path = Setting;
			sourceTree = "<group>";
		};
		0C85F5D820122BC400E679FE /* Controller */ = {
			isa = PBXGroup;
			children = (
				0C85F5D52012284400E679FE /* SettingTableViewController.swift */,
				0CEFCE962014C75E00F04BB1 /* UserNameTableViewController.swift */,
			);
			path = Controller;
			sourceTree = "<group>";
		};
		0C85F5D920122BF700E679FE /* Account */ = {
			isa = PBXGroup;
			children = (
				0CCF6D27206698070025B6CA /* Money */,
				0C85F5DB20122D0400E679FE /* Controller */,
				0C931913201B043A0038F17B /* History */,
				0C931912201B04270038F17B /* Like */,
				0C93190E201B038E0038F17B /* Address */,
				0CCA314D200A0BFE00029868 /* Login */,
				0C85F5D720122BA300E679FE /* Setting */,
			);
			path = Account;
			sourceTree = "<group>";
		};
		0C85F5DB20122D0400E679FE /* Controller */ = {
			isa = PBXGroup;
			children = (
				0C632300200B844500915869 /* AccountTableViewController.swift */,
			);
			name = Controller;
			path = ../Controller;
			sourceTree = "<group>";
		};
		0C85F5DC20122DF200E679FE /* OrderList */ = {
			isa = PBXGroup;
			children = (
				0CC5055D206334D400B30F80 /* Model */,
				0CC5055C206334C200B30F80 /* Controller */,
			);
			path = OrderList;
			sourceTree = "<group>";
		};
		0C85F5DD20122E0C00E679FE /* Find */ = {
			isa = PBXGroup;
			children = (
				0C175DCA203E6A1700D2A023 /* Model */,
				0C175DC7203E69E200D2A023 /* Controller */,
			);
			path = Find;
			sourceTree = "<group>";
		};
		0C85F5DE20122E1900E679FE /* HomePage */ = {
			isa = PBXGroup;
			children = (
				0CE204212025FECD00AB9E44 /* Model */,
				0C2ACCE1205CFA8600995EE7 /* View */,
				0C35BEC820204C0400357A41 /* Controller */,
			);
			path = HomePage;
			sourceTree = "<group>";
		};
		0C85F5DF2012323200E679FE /* Extensions */ = {
			isa = PBXGroup;
			children = (
				0C85F5E02012327300E679FE /* UIImageView+Extensions.swift */,
			);
			path = Extensions;
			sourceTree = "<group>";
		};
		0C93190E201B038E0038F17B /* Address */ = {
			isa = PBXGroup;
			children = (
				0CB20885205F887B006296ED /* Model */,
				0C93190F201B03A00038F17B /* Controller */,
			);
			path = Address;
			sourceTree = "<group>";
		};
		0C93190F201B03A00038F17B /* Controller */ = {
			isa = PBXGroup;
			children = (
				0C93190C201B03390038F17B /* AddressTableViewController.swift */,
				0C931910201B03E30038F17B /* AddNewAddressTableViewController.swift */,
			);
			path = Controller;
			sourceTree = "<group>";
		};
		0C931912201B04270038F17B /* Like */ = {
			isa = PBXGroup;
			children = (
				0C931915201B045F0038F17B /* Controller */,
			);
			path = Like;
			sourceTree = "<group>";
		};
		0C931913201B043A0038F17B /* History */ = {
			isa = PBXGroup;
			children = (
				0C931914201B044B0038F17B /* Controller */,
			);
			path = History;
			sourceTree = "<group>";
		};
		0C931914201B044B0038F17B /* Controller */ = {
			isa = PBXGroup;
			children = (
				0C931916201B04730038F17B /* LikeTableViewController.swift */,
			);
			path = Controller;
			sourceTree = "<group>";
		};
		0C931915201B045F0038F17B /* Controller */ = {
			isa = PBXGroup;
			children = (
				0C931918201B04880038F17B /* HistoryTableViewController.swift */,
			);
			path = Controller;
			sourceTree = "<group>";
		};
		0CA198002007023F008DB156 /* Supporting Files */ = {
			isa = PBXGroup;
			children = (
				0C29FC121FFE1281008E79B8 /* Info.plist */,
				0C29FC0F1FFE1281008E79B8 /* LaunchScreen.storyboard */,
				0C29FC031FFE1281008E79B8 /* AppDelegate.swift */,
				0C94B46E1FFF9348003F2357 /* Assets.xcassets */,
				0C29FC0A1FFE1281008E79B8 /* OrderHelper.xcdatamodeld */,
			);
			path = "Supporting Files";
			sourceTree = "<group>";
		};
		0CA1980120070277008DB156 /* Views */ = {
			isa = PBXGroup;
			children = (
				0C29FC071FFE1281008E79B8 /* Main.storyboard */,
			);
			path = Views;
			sourceTree = "<group>";
		};
		0CA198032007029C008DB156 /* Controller */ = {
			isa = PBXGroup;
			children = (
				0CCC6DD5201066390044BC1A /* LoginViewController.swift */,
			);
			path = Controller;
			sourceTree = "<group>";
		};
		0CB20885205F887B006296ED /* Model */ = {
			isa = PBXGroup;
			children = (
				0CB20886205F88A0006296ED /* AddressInfo.swift */,
				0CB20888205F8D54006296ED /* Address.swift */,
			);
			path = Model;
			sourceTree = "<group>";
		};
		0CC5055C206334C200B30F80 /* Controller */ = {
			isa = PBXGroup;
			children = (
				0C81EE16201756B400062F15 /* OrderTableViewController.swift */,
			);
			path = Controller;
			sourceTree = "<group>";
		};
		0CC5055D206334D400B30F80 /* Model */ = {
			isa = PBXGroup;
			children = (
				0CC5055E2063350600B30F80 /* OrderInfo.swift */,
				0CC505602063351F00B30F80 /* Order.swift */,
			);
			path = Model;
			sourceTree = "<group>";
		};
		0CCA314D200A0BFE00029868 /* Login */ = {
			isa = PBXGroup;
			children = (
				0C2ACCE3205CFB1800995EE7 /* Model */,
				0CA198032007029C008DB156 /* Controller */,
			);
			path = Login;
			sourceTree = "<group>";
		};
		0CCF6D27206698070025B6CA /* Money */ = {
			isa = PBXGroup;
			children = (
				0CCF6D28206698240025B6CA /* Controller */,
			);
			path = Money;
			sourceTree = "<group>";
		};
		0CCF6D28206698240025B6CA /* Controller */ = {
			isa = PBXGroup;
			children = (
				0CCF6D29206698580025B6CA /* RedPackTableViewController.swift */,
				0CD190DA207B6E5600FE3F85 /* CardTableViewController.swift */,
				0CCF6D2B20669A510025B6CA /* PurseTableViewController.swift */,
			);
			path = Controller;
			sourceTree = "<group>";
		};
		0CE204212025FECD00AB9E44 /* Model */ = {
			isa = PBXGroup;
			children = (
				0C764CF82021688900546B20 /* SearchItems.swift */,
				0C3CC244205A0AA300BB1984 /* Food.swift */,
				0C3CC242205A092100BB1984 /* FoodInfo.swift */,
			);
			path = Model;
			sourceTree = "<group>";
		};
		28B1E3E5270B890CE2785173 /* Frameworks */ = {
			isa = PBXGroup;
			children = (
				FE8A5C9507A41618FF89AFE4 /* Pods_OrderHelper.framework */,
			);
			name = Frameworks;
			sourceTree = "<group>";
		};
		EC1242DAD04B19225D2350FF /* Pods */ = {
			isa = PBXGroup;
			children = (
				775B1253FA70F69B88D06F8E /* Pods-OrderHelper.debug.xcconfig */,
				23F167674FAA7FF96CE868F9 /* Pods-OrderHelper.release.xcconfig */,
			);
			name = Pods;
			sourceTree = "<group>";
		};
/* End PBXGroup section */

/* Begin PBXNativeTarget section */
		0C29FBFF1FFE1281008E79B8 /* OrderHelper */ = {
			isa = PBXNativeTarget;
			buildConfigurationList = 0C29FC2B1FFE1282008E79B8 /* Build configuration list for PBXNativeTarget "OrderHelper" */;
			buildPhases = (
				4653740F7D27B6FC545E3024 /* [CP] Check Pods Manifest.lock */,
				0C29FBFC1FFE1281008E79B8 /* Sources */,
				0C29FBFD1FFE1281008E79B8 /* Frameworks */,
				0C29FBFE1FFE1281008E79B8 /* Resources */,
				EAA723CD4D5A093DA96A2F28 /* [CP] Embed Pods Frameworks */,
				D8DF006874F4B4AC36E583FE /* [CP] Copy Pods Resources */,
			);
			buildRules = (
			);
			dependencies = (
			);
			name = OrderHelper;
			productName = OrderHelper;
			productReference = 0C29FC001FFE1281008E79B8 /* OrderHelper.app */;
			productType = "com.apple.product-type.application";
		};
		0C29FC161FFE1282008E79B8 /* OrderHelperTests */ = {
			isa = PBXNativeTarget;
			buildConfigurationList = 0C29FC2E1FFE1282008E79B8 /* Build configuration list for PBXNativeTarget "OrderHelperTests" */;
			buildPhases = (
				0C29FC131FFE1282008E79B8 /* Sources */,
				0C29FC141FFE1282008E79B8 /* Frameworks */,
				0C29FC151FFE1282008E79B8 /* Resources */,
			);
			buildRules = (
			);
			dependencies = (
				0C29FC191FFE1282008E79B8 /* PBXTargetDependency */,
			);
			name = OrderHelperTests;
			productName = OrderHelperTests;
			productReference = 0C29FC171FFE1282008E79B8 /* OrderHelperTests.xctest */;
			productType = "com.apple.product-type.bundle.unit-test";
		};
		0C29FC211FFE1282008E79B8 /* OrderHelperUITests */ = {
			isa = PBXNativeTarget;
			buildConfigurationList = 0C29FC311FFE1282008E79B8 /* Build configuration list for PBXNativeTarget "OrderHelperUITests" */;
			buildPhases = (
				0C29FC1E1FFE1282008E79B8 /* Sources */,
				0C29FC1F1FFE1282008E79B8 /* Frameworks */,
				0C29FC201FFE1282008E79B8 /* Resources */,
			);
			buildRules = (
			);
			dependencies = (
				0C29FC241FFE1282008E79B8 /* PBXTargetDependency */,
			);
			name = OrderHelperUITests;
			productName = OrderHelperUITests;
			productReference = 0C29FC221FFE1282008E79B8 /* OrderHelperUITests.xctest */;
			productType = "com.apple.product-type.bundle.ui-testing";
		};
/* End PBXNativeTarget section */

/* Begin PBXProject section */
		0C29FBF81FFE1281008E79B8 /* Project object */ = {
			isa = PBXProject;
			attributes = {
				LastSwiftUpdateCheck = 0920;
				LastUpgradeCheck = 0930;
				ORGANIZATIONNAME = spidepa;
				TargetAttributes = {
					0C29FBFF1FFE1281008E79B8 = {
						CreatedOnToolsVersion = 9.2;
						ProvisioningStyle = Automatic;
					};
					0C29FC161FFE1282008E79B8 = {
						CreatedOnToolsVersion = 9.2;
						ProvisioningStyle = Automatic;
						TestTargetID = 0C29FBFF1FFE1281008E79B8;
					};
					0C29FC211FFE1282008E79B8 = {
						CreatedOnToolsVersion = 9.2;
						ProvisioningStyle = Automatic;
						TestTargetID = 0C29FBFF1FFE1281008E79B8;
					};
				};
			};
			buildConfigurationList = 0C29FBFB1FFE1281008E79B8 /* Build configuration list for PBXProject "OrderHelper" */;
			compatibilityVersion = "Xcode 8.0";
			developmentRegion = en;
			hasScannedForEncodings = 0;
			knownRegions = (
				en,
				Base,
			);
			mainGroup = 0C29FBF71FFE1281008E79B8;
			productRefGroup = 0C29FC011FFE1281008E79B8 /* Products */;
			projectDirPath = "";
			projectRoot = "";
			targets = (
				0C29FBFF1FFE1281008E79B8 /* OrderHelper */,
				0C29FC161FFE1282008E79B8 /* OrderHelperTests */,
				0C29FC211FFE1282008E79B8 /* OrderHelperUITests */,
			);
		};
/* End PBXProject section */

/* Begin PBXResourcesBuildPhase section */
		0C29FBFE1FFE1281008E79B8 /* Resources */ = {
			isa = PBXResourcesBuildPhase;
			buildActionMask = 2147483647;
			files = (
				0C29FC111FFE1281008E79B8 /* LaunchScreen.storyboard in Resources */,
				0C94B46F1FFF9348003F2357 /* Assets.xcassets in Resources */,
				0C29FC091FFE1281008E79B8 /* Main.storyboard in Resources */,
			);
			runOnlyForDeploymentPostprocessing = 0;
		};
		0C29FC151FFE1282008E79B8 /* Resources */ = {
			isa = PBXResourcesBuildPhase;
			buildActionMask = 2147483647;
			files = (
			);
			runOnlyForDeploymentPostprocessing = 0;
		};
		0C29FC201FFE1282008E79B8 /* Resources */ = {
			isa = PBXResourcesBuildPhase;
			buildActionMask = 2147483647;
			files = (
			);
			runOnlyForDeploymentPostprocessing = 0;
		};
/* End PBXResourcesBuildPhase section */

/* Begin PBXShellScriptBuildPhase section */
		4653740F7D27B6FC545E3024 /* [CP] Check Pods Manifest.lock */ = {
			isa = PBXShellScriptBuildPhase;
			buildActionMask = 2147483647;
			files = (
			);
			inputPaths = (
				"${PODS_PODFILE_DIR_PATH}/Podfile.lock",
				"${PODS_ROOT}/Manifest.lock",
			);
			name = "[CP] Check Pods Manifest.lock";
			outputPaths = (
				"$(DERIVED_FILE_DIR)/Pods-OrderHelper-checkManifestLockResult.txt",
			);
			runOnlyForDeploymentPostprocessing = 0;
			shellPath = /bin/sh;
			shellScript = "diff \"${PODS_PODFILE_DIR_PATH}/Podfile.lock\" \"${PODS_ROOT}/Manifest.lock\" > /dev/null\nif [ $? != 0 ] ; then\n    # print error to STDERR\n    echo \"error: The sandbox is not in sync with the Podfile.lock. Run 'pod install' or update your CocoaPods installation.\" >&2\n    exit 1\nfi\n# This output is used by Xcode 'outputs' to avoid re-running this script phase.\necho \"SUCCESS\" > \"${SCRIPT_OUTPUT_FILE_0}\"\n";
			showEnvVarsInLog = 0;
		};
		D8DF006874F4B4AC36E583FE /* [CP] Copy Pods Resources */ = {
			isa = PBXShellScriptBuildPhase;
			buildActionMask = 2147483647;
			files = (
			);
			inputPaths = (
			);
			name = "[CP] Copy Pods Resources";
			outputPaths = (
			);
			runOnlyForDeploymentPostprocessing = 0;
			shellPath = /bin/sh;
			shellScript = "\"${SRCROOT}/Pods/Target Support Files/Pods-OrderHelper/Pods-OrderHelper-resources.sh\"\n";
			showEnvVarsInLog = 0;
		};
		EAA723CD4D5A093DA96A2F28 /* [CP] Embed Pods Frameworks */ = {
			isa = PBXShellScriptBuildPhase;
			buildActionMask = 2147483647;
			files = (
			);
			inputPaths = (
				"${SRCROOT}/Pods/Target Support Files/Pods-OrderHelper/Pods-OrderHelper-frameworks.sh",
				"${BUILT_PRODUCTS_DIR}/Alamofire/Alamofire.framework",
				"${BUILT_PRODUCTS_DIR}/LeanCloud/LeanCloud.framework",
			);
			name = "[CP] Embed Pods Frameworks";
			outputPaths = (
				"${TARGET_BUILD_DIR}/${FRAMEWORKS_FOLDER_PATH}/Alamofire.framework",
				"${TARGET_BUILD_DIR}/${FRAMEWORKS_FOLDER_PATH}/LeanCloud.framework",
			);
			runOnlyForDeploymentPostprocessing = 0;
			shellPath = /bin/sh;
			shellScript = "\"${SRCROOT}/Pods/Target Support Files/Pods-OrderHelper/Pods-OrderHelper-frameworks.sh\"\n";
			showEnvVarsInLog = 0;
		};
/* End PBXShellScriptBuildPhase section */

/* Begin PBXSourcesBuildPhase section */
		0C29FBFC1FFE1281008E79B8 /* Sources */ = {
			isa = PBXSourcesBuildPhase;
			buildActionMask = 2147483647;
			files = (
				0C175DC9203E6A1200D2A023 /* Preferentials.swift in Sources */,
				0C85F5D62012284400E679FE /* SettingTableViewController.swift in Sources */,
				0CAB884A207C9C5F00EB9199 /* LuckyTableViewController.swift in Sources */,
				0CCF6D2A206698580025B6CA /* RedPackTableViewController.swift in Sources */,
				0CCC6DD6201066390044BC1A /* LoginViewController.swift in Sources */,
				0C764CF92021688900546B20 /* SearchItems.swift in Sources */,
				0C175DC6203E5D8D00D2A023 /* FindDetailViewController.swift in Sources */,
				0C5AE402205C048000B356FF /* FoodTableViewCell.swift in Sources */,
				0C3CC245205A0AA300BB1984 /* Food.swift in Sources */,
				0C6322FD200B828000915869 /* LoginProfile.swift in Sources */,
				0CEE7BB5205D44D900315057 /* CheckOrderTableViewController.swift in Sources */,
				0C266E2420678E6F004EDB00 /* AllShopTableViewController.swift in Sources */,
				0CEFCE972014C75E00F04BB1 /* UserNameTableViewController.swift in Sources */,
				0C93190D201B03390038F17B /* AddressTableViewController.swift in Sources */,
				0C846934201725DC008DDF23 /* FindTableViewController.swift in Sources */,
				0C6C6EA8202578CC00D36F9E /* SearchResultsViewController.swift in Sources */,
				0C931917201B04730038F17B /* LikeTableViewController.swift in Sources */,
				0CC5055F2063350600B30F80 /* OrderInfo.swift in Sources */,
				0CD190DB207B6E5600FE3F85 /* CardTableViewController.swift in Sources */,
				0C632301200B844500915869 /* AccountTableViewController.swift in Sources */,
				0C6322FB200B824800915869 /* LoginHelper.swift in Sources */,
				0CB20887205F88A0006296ED /* AddressInfo.swift in Sources */,
				0C3CC243205A092100BB1984 /* FoodInfo.swift in Sources */,
				0CB20889205F8D54006296ED /* Address.swift in Sources */,
				0C6C1390203ACD2800071E3E /* DetailViewController.swift in Sources */,
				0CCF6D2C20669A510025B6CA /* PurseTableViewController.swift in Sources */,
				0C931911201B03E30038F17B /* AddNewAddressTableViewController.swift in Sources */,
				0C29FC041FFE1281008E79B8 /* AppDelegate.swift in Sources */,
				0C85F5E12012327300E679FE /* UIImageView+Extensions.swift in Sources */,
				0C81EE17201756B400062F15 /* OrderTableViewController.swift in Sources */,
				0C764CFB2021AD2800546B20 /* SearchTableViewController.swift in Sources */,
				0C29FC0C1FFE1281008E79B8 /* OrderHelper.xcdatamodeld in Sources */,
				0C931919201B04880038F17B /* HistoryTableViewController.swift in Sources */,
				0CC505612063351F00B30F80 /* Order.swift in Sources */,
			);
			runOnlyForDeploymentPostprocessing = 0;
		};
		0C29FC131FFE1282008E79B8 /* Sources */ = {
			isa = PBXSourcesBuildPhase;
			buildActionMask = 2147483647;
			files = (
				0C29FC1C1FFE1282008E79B8 /* OrderHelperTests.swift in Sources */,
			);
			runOnlyForDeploymentPostprocessing = 0;
		};
		0C29FC1E1FFE1282008E79B8 /* Sources */ = {
			isa = PBXSourcesBuildPhase;
			buildActionMask = 2147483647;
			files = (
				0C29FC271FFE1282008E79B8 /* OrderHelperUITests.swift in Sources */,
			);
			runOnlyForDeploymentPostprocessing = 0;
		};
/* End PBXSourcesBuildPhase section */

/* Begin PBXTargetDependency section */
		0C29FC191FFE1282008E79B8 /* PBXTargetDependency */ = {
			isa = PBXTargetDependency;
			target = 0C29FBFF1FFE1281008E79B8 /* OrderHelper */;
			targetProxy = 0C29FC181FFE1282008E79B8 /* PBXContainerItemProxy */;
		};
		0C29FC241FFE1282008E79B8 /* PBXTargetDependency */ = {
			isa = PBXTargetDependency;
			target = 0C29FBFF1FFE1281008E79B8 /* OrderHelper */;
			targetProxy = 0C29FC231FFE1282008E79B8 /* PBXContainerItemProxy */;
		};
/* End PBXTargetDependency section */

/* Begin PBXVariantGroup section */
		0C29FC071FFE1281008E79B8 /* Main.storyboard */ = {
			isa = PBXVariantGroup;
			children = (
				0C29FC081FFE1281008E79B8 /* Base */,
			);
			name = Main.storyboard;
			sourceTree = "<group>";
		};
		0C29FC0F1FFE1281008E79B8 /* LaunchScreen.storyboard */ = {
			isa = PBXVariantGroup;
			children = (
				0C29FC101FFE1281008E79B8 /* Base */,
			);
			name = LaunchScreen.storyboard;
			sourceTree = "<group>";
		};
/* End PBXVariantGroup section */

/* Begin XCBuildConfiguration section */
		0C29FC291FFE1282008E79B8 /* Debug */ = {
			isa = XCBuildConfiguration;
			buildSettings = {
				ALWAYS_SEARCH_USER_PATHS = NO;
				CLANG_ANALYZER_NONNULL = YES;
				CLANG_ANALYZER_NUMBER_OBJECT_CONVERSION = YES_AGGRESSIVE;
				CLANG_CXX_LANGUAGE_STANDARD = "gnu++14";
				CLANG_CXX_LIBRARY = "libc++";
				CLANG_ENABLE_MODULES = YES;
				CLANG_ENABLE_OBJC_ARC = YES;
				CLANG_WARN_BLOCK_CAPTURE_AUTORELEASING = YES;
				CLANG_WARN_BOOL_CONVERSION = YES;
				CLANG_WARN_COMMA = YES;
				CLANG_WARN_CONSTANT_CONVERSION = YES;
				CLANG_WARN_DEPRECATED_OBJC_IMPLEMENTATIONS = YES;
				CLANG_WARN_DIRECT_OBJC_ISA_USAGE = YES_ERROR;
				CLANG_WARN_DOCUMENTATION_COMMENTS = YES;
				CLANG_WARN_EMPTY_BODY = YES;
				CLANG_WARN_ENUM_CONVERSION = YES;
				CLANG_WARN_INFINITE_RECURSION = YES;
				CLANG_WARN_INT_CONVERSION = YES;
				CLANG_WARN_NON_LITERAL_NULL_CONVERSION = YES;
				CLANG_WARN_OBJC_IMPLICIT_RETAIN_SELF = YES;
				CLANG_WARN_OBJC_LITERAL_CONVERSION = YES;
				CLANG_WARN_OBJC_ROOT_CLASS = YES_ERROR;
				CLANG_WARN_RANGE_LOOP_ANALYSIS = YES;
				CLANG_WARN_STRICT_PROTOTYPES = YES;
				CLANG_WARN_SUSPICIOUS_MOVE = YES;
				CLANG_WARN_UNGUARDED_AVAILABILITY = YES_AGGRESSIVE;
				CLANG_WARN_UNREACHABLE_CODE = YES;
				CLANG_WARN__DUPLICATE_METHOD_MATCH = YES;
				CODE_SIGN_IDENTITY = "iPhone Developer";
				COPY_PHASE_STRIP = NO;
				DEBUG_INFORMATION_FORMAT = dwarf;
				ENABLE_STRICT_OBJC_MSGSEND = YES;
				ENABLE_TESTABILITY = YES;
				GCC_C_LANGUAGE_STANDARD = gnu11;
				GCC_DYNAMIC_NO_PIC = NO;
				GCC_NO_COMMON_BLOCKS = YES;
				GCC_OPTIMIZATION_LEVEL = 0;
				GCC_PREPROCESSOR_DEFINITIONS = (
					"DEBUG=1",
					"$(inherited)",
				);
				GCC_WARN_64_TO_32_BIT_CONVERSION = YES;
				GCC_WARN_ABOUT_RETURN_TYPE = YES_ERROR;
				GCC_WARN_UNDECLARED_SELECTOR = YES;
				GCC_WARN_UNINITIALIZED_AUTOS = YES_AGGRESSIVE;
				GCC_WARN_UNUSED_FUNCTION = YES;
				GCC_WARN_UNUSED_VARIABLE = YES;
				IPHONEOS_DEPLOYMENT_TARGET = 11.2;
				MTL_ENABLE_DEBUG_INFO = YES;
				ONLY_ACTIVE_ARCH = YES;
				SDKROOT = iphoneos;
				SWIFT_ACTIVE_COMPILATION_CONDITIONS = DEBUG;
				SWIFT_OPTIMIZATION_LEVEL = "-Onone";
			};
			name = Debug;
		};
		0C29FC2A1FFE1282008E79B8 /* Release */ = {
			isa = XCBuildConfiguration;
			buildSettings = {
				ALWAYS_SEARCH_USER_PATHS = NO;
				CLANG_ANALYZER_NONNULL = YES;
				CLANG_ANALYZER_NUMBER_OBJECT_CONVERSION = YES_AGGRESSIVE;
				CLANG_CXX_LANGUAGE_STANDARD = "gnu++14";
				CLANG_CXX_LIBRARY = "libc++";
				CLANG_ENABLE_MODULES = YES;
				CLANG_ENABLE_OBJC_ARC = YES;
				CLANG_WARN_BLOCK_CAPTURE_AUTORELEASING = YES;
				CLANG_WARN_BOOL_CONVERSION = YES;
				CLANG_WARN_COMMA = YES;
				CLANG_WARN_CONSTANT_CONVERSION = YES;
				CLANG_WARN_DEPRECATED_OBJC_IMPLEMENTATIONS = YES;
				CLANG_WARN_DIRECT_OBJC_ISA_USAGE = YES_ERROR;
				CLANG_WARN_DOCUMENTATION_COMMENTS = YES;
				CLANG_WARN_EMPTY_BODY = YES;
				CLANG_WARN_ENUM_CONVERSION = YES;
				CLANG_WARN_INFINITE_RECURSION = YES;
				CLANG_WARN_INT_CONVERSION = YES;
				CLANG_WARN_NON_LITERAL_NULL_CONVERSION = YES;
				CLANG_WARN_OBJC_IMPLICIT_RETAIN_SELF = YES;
				CLANG_WARN_OBJC_LITERAL_CONVERSION = YES;
				CLANG_WARN_OBJC_ROOT_CLASS = YES_ERROR;
				CLANG_WARN_RANGE_LOOP_ANALYSIS = YES;
				CLANG_WARN_STRICT_PROTOTYPES = YES;
				CLANG_WARN_SUSPICIOUS_MOVE = YES;
				CLANG_WARN_UNGUARDED_AVAILABILITY = YES_AGGRESSIVE;
				CLANG_WARN_UNREACHABLE_CODE = YES;
				CLANG_WARN__DUPLICATE_METHOD_MATCH = YES;
				CODE_SIGN_IDENTITY = "iPhone Developer";
				COPY_PHASE_STRIP = NO;
				DEBUG_INFORMATION_FORMAT = "dwarf-with-dsym";
				ENABLE_NS_ASSERTIONS = NO;
				ENABLE_STRICT_OBJC_MSGSEND = YES;
				GCC_C_LANGUAGE_STANDARD = gnu11;
				GCC_NO_COMMON_BLOCKS = YES;
				GCC_WARN_64_TO_32_BIT_CONVERSION = YES;
				GCC_WARN_ABOUT_RETURN_TYPE = YES_ERROR;
				GCC_WARN_UNDECLARED_SELECTOR = YES;
				GCC_WARN_UNINITIALIZED_AUTOS = YES_AGGRESSIVE;
				GCC_WARN_UNUSED_FUNCTION = YES;
				GCC_WARN_UNUSED_VARIABLE = YES;
				IPHONEOS_DEPLOYMENT_TARGET = 11.2;
				MTL_ENABLE_DEBUG_INFO = NO;
				SDKROOT = iphoneos;
				SWIFT_OPTIMIZATION_LEVEL = "-Owholemodule";
				VALIDATE_PRODUCT = YES;
			};
			name = Release;
		};
		0C29FC2C1FFE1282008E79B8 /* Debug */ = {
			isa = XCBuildConfiguration;
			baseConfigurationReference = 775B1253FA70F69B88D06F8E /* Pods-OrderHelper.debug.xcconfig */;
			buildSettings = {
				ASSETCATALOG_COMPILER_APPICON_NAME = AppIcon;
				"CODE_SIGN_IDENTITY[sdk=iphoneos*]" = "iPhone Developer";
				CODE_SIGN_STYLE = Automatic;
				DEVELOPMENT_TEAM = P7P62467XU;
				INFOPLIST_FILE = "$(SRCROOT)/OrderHelper/Supporting Files/Info.plist";
				IPHONEOS_DEPLOYMENT_TARGET = 11.3;
				LD_RUNPATH_SEARCH_PATHS = "$(inherited) @executable_path/Frameworks";
				PRODUCT_BUNDLE_IDENTIFIER = eisenlo.OrderHelper;
				PRODUCT_NAME = "$(TARGET_NAME)";
				PROVISIONING_PROFILE_SPECIFIER = "";
				SDKROOT = iphoneos;
				SWIFT_VERSION = 4.0;
				TARGETED_DEVICE_FAMILY = "1,2";
				USER_HEADER_SEARCH_PATHS = "$(SRCROOT)/**";
			};
			name = Debug;
		};
		0C29FC2D1FFE1282008E79B8 /* Release */ = {
			isa = XCBuildConfiguration;
			baseConfigurationReference = 23F167674FAA7FF96CE868F9 /* Pods-OrderHelper.release.xcconfig */;
			buildSettings = {
				ASSETCATALOG_COMPILER_APPICON_NAME = AppIcon;
				"CODE_SIGN_IDENTITY[sdk=iphoneos*]" = "iPhone Developer";
				CODE_SIGN_STYLE = Automatic;
				DEVELOPMENT_TEAM = P7P62467XU;
				INFOPLIST_FILE = "$(SRCROOT)/OrderHelper/Supporting Files/Info.plist";
				IPHONEOS_DEPLOYMENT_TARGET = 11.3;
				LD_RUNPATH_SEARCH_PATHS = "$(inherited) @executable_path/Frameworks";
				PRODUCT_BUNDLE_IDENTIFIER = eisenlo.OrderHelper;
				PRODUCT_NAME = "$(TARGET_NAME)";
				PROVISIONING_PROFILE_SPECIFIER = "";
				SDKROOT = iphoneos;
				SWIFT_VERSION = 4.0;
				TARGETED_DEVICE_FAMILY = "1,2";
				USER_HEADER_SEARCH_PATHS = "$(SRCROOT)/**";
			};
			name = Release;
		};
		0C29FC2F1FFE1282008E79B8 /* Debug */ = {
			isa = XCBuildConfiguration;
			buildSettings = {
				ALWAYS_EMBED_SWIFT_STANDARD_LIBRARIES = YES;
				BUNDLE_LOADER = "$(TEST_HOST)";
				CODE_SIGN_STYLE = Automatic;
				DEVELOPMENT_TEAM = P7P62467XU;
				INFOPLIST_FILE = OrderHelperTests/Info.plist;
				LD_RUNPATH_SEARCH_PATHS = "$(inherited) @executable_path/Frameworks @loader_path/Frameworks";
				PRODUCT_BUNDLE_IDENTIFIER = eisenlo.OrderHelperTests;
				PRODUCT_NAME = "$(TARGET_NAME)";
				SWIFT_VERSION = 4.0;
				TARGETED_DEVICE_FAMILY = "1,2";
				TEST_HOST = "$(BUILT_PRODUCTS_DIR)/OrderHelper.app/OrderHelper";
			};
			name = Debug;
		};
		0C29FC301FFE1282008E79B8 /* Release */ = {
			isa = XCBuildConfiguration;
			buildSettings = {
				ALWAYS_EMBED_SWIFT_STANDARD_LIBRARIES = YES;
				BUNDLE_LOADER = "$(TEST_HOST)";
				CODE_SIGN_STYLE = Automatic;
				DEVELOPMENT_TEAM = P7P62467XU;
				INFOPLIST_FILE = OrderHelperTests/Info.plist;
				LD_RUNPATH_SEARCH_PATHS = "$(inherited) @executable_path/Frameworks @loader_path/Frameworks";
				PRODUCT_BUNDLE_IDENTIFIER = eisenlo.OrderHelperTests;
				PRODUCT_NAME = "$(TARGET_NAME)";
				SWIFT_VERSION = 4.0;
				TARGETED_DEVICE_FAMILY = "1,2";
				TEST_HOST = "$(BUILT_PRODUCTS_DIR)/OrderHelper.app/OrderHelper";
			};
			name = Release;
		};
		0C29FC321FFE1282008E79B8 /* Debug */ = {
			isa = XCBuildConfiguration;
			buildSettings = {
				ALWAYS_EMBED_SWIFT_STANDARD_LIBRARIES = YES;
				CODE_SIGN_STYLE = Automatic;
				DEVELOPMENT_TEAM = P7P62467XU;
				INFOPLIST_FILE = OrderHelperUITests/Info.plist;
				LD_RUNPATH_SEARCH_PATHS = "$(inherited) @executable_path/Frameworks @loader_path/Frameworks";
				PRODUCT_BUNDLE_IDENTIFIER = eisenlo.OrderHelperUITests;
				PRODUCT_NAME = "$(TARGET_NAME)";
				SWIFT_VERSION = 4.0;
				TARGETED_DEVICE_FAMILY = "1,2";
				TEST_TARGET_NAME = OrderHelper;
			};
			name = Debug;
		};
		0C29FC331FFE1282008E79B8 /* Release */ = {
			isa = XCBuildConfiguration;
			buildSettings = {
				ALWAYS_EMBED_SWIFT_STANDARD_LIBRARIES = YES;
				CODE_SIGN_STYLE = Automatic;
				DEVELOPMENT_TEAM = P7P62467XU;
				INFOPLIST_FILE = OrderHelperUITests/Info.plist;
				LD_RUNPATH_SEARCH_PATHS = "$(inherited) @executable_path/Frameworks @loader_path/Frameworks";
				PRODUCT_BUNDLE_IDENTIFIER = eisenlo.OrderHelperUITests;
				PRODUCT_NAME = "$(TARGET_NAME)";
				SWIFT_VERSION = 4.0;
				TARGETED_DEVICE_FAMILY = "1,2";
				TEST_TARGET_NAME = OrderHelper;
			};
			name = Release;
		};
/* End XCBuildConfiguration section */

/* Begin XCConfigurationList section */
		0C29FBFB1FFE1281008E79B8 /* Build configuration list for PBXProject "OrderHelper" */ = {
			isa = XCConfigurationList;
			buildConfigurations = (
				0C29FC291FFE1282008E79B8 /* Debug */,
				0C29FC2A1FFE1282008E79B8 /* Release */,
			);
			defaultConfigurationIsVisible = 0;
			defaultConfigurationName = Release;
		};
		0C29FC2B1FFE1282008E79B8 /* Build configuration list for PBXNativeTarget "OrderHelper" */ = {
			isa = XCConfigurationList;
			buildConfigurations = (
				0C29FC2C1FFE1282008E79B8 /* Debug */,
				0C29FC2D1FFE1282008E79B8 /* Release */,
			);
			defaultConfigurationIsVisible = 0;
			defaultConfigurationName = Release;
		};
		0C29FC2E1FFE1282008E79B8 /* Build configuration list for PBXNativeTarget "OrderHelperTests" */ = {
			isa = XCConfigurationList;
			buildConfigurations = (
				0C29FC2F1FFE1282008E79B8 /* Debug */,
				0C29FC301FFE1282008E79B8 /* Release */,
			);
			defaultConfigurationIsVisible = 0;
			defaultConfigurationName = Release;
		};
		0C29FC311FFE1282008E79B8 /* Build configuration list for PBXNativeTarget "OrderHelperUITests" */ = {
			isa = XCConfigurationList;
			buildConfigurations = (
				0C29FC321FFE1282008E79B8 /* Debug */,
				0C29FC331FFE1282008E79B8 /* Release */,
			);
			defaultConfigurationIsVisible = 0;
			defaultConfigurationName = Release;
		};
/* End XCConfigurationList section */

/* Begin XCVersionGroup section */
		0C29FC0A1FFE1281008E79B8 /* OrderHelper.xcdatamodeld */ = {
			isa = XCVersionGroup;
			children = (
				0C29FC0B1FFE1281008E79B8 /* OrderHelper.xcdatamodel */,
			);
			currentVersion = 0C29FC0B1FFE1281008E79B8 /* OrderHelper.xcdatamodel */;
			path = OrderHelper.xcdatamodeld;
			sourceTree = "<group>";
			versionGroupType = wrapper.xcdatamodel;
		};
/* End XCVersionGroup section */
	};
	rootObject = 0C29FBF81FFE1281008E79B8 /* Project object */;
}
